
Microsoft Visual Studio Solution File, Format Version 12.00
# Visual Studio Version 16
VisualStudioVersion = 16.0.28803.156
MinimumVisualStudioVersion = 10.0.40219.1
Project("{FAE04EC0-301F-11D3-BF4B-00C04F79EFBC}") = "War", "War.csproj", "{45A8AF57-6A1D-4E82-B877-31F5474E27BB}"
EndProject
Global
	GlobalSection(SolutionConfigurationPlatforms) = preSolution
		Debug|Any CPU = Debug|Any CPU
		Release|Any CPU = Release|Any CPU
	EndGlobalSection
	GlobalSection(ProjectConfigurationPlatforms) = postSolution
		{45A8AF57-6A1D-4E82-B877-31F5474E27BB}.Debug|Any CPU.ActiveCfg = Debug|Any CPU
		{45A8AF57-6A1D-4E82-B877-31F5474E27BB}.Debug|Any CPU.Build.0 = Debug|Any CPU
		{45A8AF57-6A1D-4E82-B877-31F5474E27BB}.Release|Any CPU.ActiveCfg = Release|Any CPU
		{45A8AF57-6A1D-4E82-B877-31F5474E27BB}.Release|Any CPU.Build.0 = Release|Any CPU
	EndGlobalSection
	GlobalSection(SolutionProperties) = preSolution
		HideSolutionNode = FALSE
	EndGlobalSection
	GlobalSection(ExtensibilityGlobals) = postSolution
		SolutionGuid = {3DAE6EA3-1124-4082-87C9-1DDFA2F8AF09}
	EndGlobalSection
EndGlobal
